
Microsoft Visual Studio Solution File, Format Version 12.00
# Visual Studio Version 16
VisualStudioVersion = 16.0.30104.148
MinimumVisualStudioVersion = 10.0.40219.1
Project("{2150E333-8FDC-42A3-9474-1A3956D46DE8}") = "0000ABP", "0000ABP", "{2170218B-B30A-448B-9CB0-8A82E9889B22}"
EndProject
Project("{2150E333-8FDC-42A3-9474-1A3956D46DE8}") = "0001Framework", "0001Framework", "{4088EA47-CE6B-4686-A713-699BA1C4A3D1}"
EndProject
Project("{2150E333-8FDC-42A3-9474-1A3956D46DE8}") = "0002Application", "0002Application", "{09F9AB24-65B6-436B-8CDD-0181B4C6C2F0}"
EndProject
Project("{2150E333-8FDC-42A3-9474-1A3956D46DE8}") = "0009Test", "0009Test", "{D8E9F563-6A59-4FC7-B651-BED2EADF1B28}"
EndProject
Project("{FAE04EC0-301F-11D3-BF4B-00C04F79EFBC}") = "Ztgeo.Gis.AbpExtension", "0000ABP\Ztgeo.Gis.AbpExtension\Ztgeo.Gis.AbpExtension.csproj", "{16AE7B14-BCFF-40C7-8B4C-B3BCAEBC7569}"
EndProject
Project("{FAE04EC0-301F-11D3-BF4B-00C04F79EFBC}") = "Ztgeo.Gis.Communication", "0001Framework\Ztgeo.Gis.Communication\Ztgeo.Gis.Communication.csproj", "{E101E00A-6B39-4178-8C3D-66ED7DF185A8}"
EndProject
Project("{FAE04EC0-301F-11D3-BF4B-00C04F79EFBC}") = "Ztgeo.Gis.Winform", "0001Framework\Ztgeo.Gis.Winform\Ztgeo.Gis.Winform.csproj", "{33F00612-EACB-45BE-80A3-AEEAC74D117F}"
EndProject
Project("{FAE04EC0-301F-11D3-BF4B-00C04F79EFBC}") = "ZtgeoGISDesktop.Winform", "0003Application\ZtgeoGISDesktop\ZtgeoGISDesktop.Winform.csproj", "{4BBDD6C3-DB2E-4C9E-8699-FBA04329DF5C}"
EndProject
Project("{FAE04EC0-301F-11D3-BF4B-00C04F79EFBC}") = "ZtgeoGISDesktop.Communication", "0003Application\ZtgeoGISDesktop.Communication\ZtgeoGISDesktop.Communication.csproj", "{73797661-FE18-45D5-B92F-2AA8C6351B1C}"
EndProject
Project("{FAE04EC0-301F-11D3-BF4B-00C04F79EFBC}") = "ZtgeoGISDesktop.Core", "0003Application\ZtgeoGISDesktop.Core\ZtgeoGISDesktop.Core.csproj", "{91C0853C-D7A7-450C-9125-A09C961B4B27}"
EndProject
Project("{FAE04EC0-301F-11D3-BF4B-00C04F79EFBC}") = "ZtgeoGISDesktop.Core.Share", "0003Application\ZtgeoGISDesktop.Share\ZtgeoGISDesktop.Core.Share.csproj", "{4E17F075-4FAC-40AB-8565-5BFA38FBD626}"
EndProject
Project("{FAE04EC0-301F-11D3-BF4B-00C04F79EFBC}") = "Ztgeo.WebViewControl", "0001Framework\Ztgeo.WebViewControl\Ztgeo.WebViewControl.csproj", "{4BBA3BA1-FCC4-43B8-9E30-443941E062B3}"
EndProject
Project("{FAE04EC0-301F-11D3-BF4B-00C04F79EFBC}") = "WebViewControlTest", "0009Test\WebViewControlTest\WebViewControlTest.csproj", "{C0EECEB4-4EC4-44B9-B574-F9D249F9A1A3}"
EndProject
Project("{FAE04EC0-301F-11D3-BF4B-00C04F79EFBC}") = "Ztgeo.Gis.Hybrid", "0001Framework\Ztgeo.Gis.Hybrid\Ztgeo.Gis.Hybrid.csproj", "{FB274CA5-D9E2-4C63-BE0C-6C5E130AA509}"
EndProject
Project("{FAE04EC0-301F-11D3-BF4B-00C04F79EFBC}") = "Ztgeo.Utils", "0001Framework\Ztgeo.Utils\Ztgeo.Utils.csproj", "{62F52FC0-FC60-4237-BDEE-89E90646483F}"
EndProject
Project("{FAE04EC0-301F-11D3-BF4B-00C04F79EFBC}") = "Ztgeo.Gis.Runtime", "0001Framework\Ztgeo.Gis.Runtime\Ztgeo.Gis.Runtime.csproj", "{527BE76D-43D8-4FE7-A955-98EE1D3F8D1C}"
EndProject
Project("{2150E333-8FDC-42A3-9474-1A3956D46DE8}") = "GisPackaging", "GisPackaging", "{6577B786-7C13-46AD-9F30-7F6A0F126BCF}"
EndProject
Project("{FAE04EC0-301F-11D3-BF4B-00C04F79EFBC}") = "Ztgeo.Gis.Share", "0001Framework\Ztgeo.Gis.Share\Ztgeo.Gis.Share.csproj", "{C8725345-4338-42BB-A1A2-382A826665D8}"
EndProject
Global
	GlobalSection(SolutionConfigurationPlatforms) = preSolution
		Debug|Any CPU = Debug|Any CPU
		Debug|x86 = Debug|x86
		Release|Any CPU = Release|Any CPU
		Release|x86 = Release|x86
	EndGlobalSection
	GlobalSection(ProjectConfigurationPlatforms) = postSolution
		{16AE7B14-BCFF-40C7-8B4C-B3BCAEBC7569}.Debug|Any CPU.ActiveCfg = Debug|Any CPU
		{16AE7B14-BCFF-40C7-8B4C-B3BCAEBC7569}.Debug|Any CPU.Build.0 = Debug|Any CPU
		{16AE7B14-BCFF-40C7-8B4C-B3BCAEBC7569}.Debug|x86.ActiveCfg = Debug|x86
		{16AE7B14-BCFF-40C7-8B4C-B3BCAEBC7569}.Debug|x86.Build.0 = Debug|x86
		{16AE7B14-BCFF-40C7-8B4C-B3BCAEBC7569}.Release|Any CPU.ActiveCfg = Release|Any CPU
		{16AE7B14-BCFF-40C7-8B4C-B3BCAEBC7569}.Release|Any CPU.Build.0 = Release|Any CPU
		{16AE7B14-BCFF-40C7-8B4C-B3BCAEBC7569}.Release|x86.ActiveCfg = Release|x86
		{16AE7B14-BCFF-40C7-8B4C-B3BCAEBC7569}.Release|x86.Build.0 = Release|x86
		{E101E00A-6B39-4178-8C3D-66ED7DF185A8}.Debug|Any CPU.ActiveCfg = Debug|Any CPU
		{E101E00A-6B39-4178-8C3D-66ED7DF185A8}.Debug|Any CPU.Build.0 = Debug|Any CPU
		{E101E00A-6B39-4178-8C3D-66ED7DF185A8}.Debug|x86.ActiveCfg = Debug|x86
		{E101E00A-6B39-4178-8C3D-66ED7DF185A8}.Debug|x86.Build.0 = Debug|x86
		{E101E00A-6B39-4178-8C3D-66ED7DF185A8}.Release|Any CPU.ActiveCfg = Release|Any CPU
		{E101E00A-6B39-4178-8C3D-66ED7DF185A8}.Release|Any CPU.Build.0 = Release|Any CPU
		{E101E00A-6B39-4178-8C3D-66ED7DF185A8}.Release|x86.ActiveCfg = Release|x86
		{E101E00A-6B39-4178-8C3D-66ED7DF185A8}.Release|x86.Build.0 = Release|x86
		{33F00612-EACB-45BE-80A3-AEEAC74D117F}.Debug|Any CPU.ActiveCfg = Debug|Any CPU
		{33F00612-EACB-45BE-80A3-AEEAC74D117F}.Debug|Any CPU.Build.0 = Debug|Any CPU
		{33F00612-EACB-45BE-80A3-AEEAC74D117F}.Debug|x86.ActiveCfg = Debug|x86
		{33F00612-EACB-45BE-80A3-AEEAC74D117F}.Debug|x86.Build.0 = Debug|x86
		{33F00612-EACB-45BE-80A3-AEEAC74D117F}.Release|Any CPU.ActiveCfg = Release|Any CPU
		{33F00612-EACB-45BE-80A3-AEEAC74D117F}.Release|Any CPU.Build.0 = Release|Any CPU
		{33F00612-EACB-45BE-80A3-AEEAC74D117F}.Release|x86.ActiveCfg = Release|x86
		{33F00612-EACB-45BE-80A3-AEEAC74D117F}.Release|x86.Build.0 = Release|x86
		{4BBDD6C3-DB2E-4C9E-8699-FBA04329DF5C}.Debug|Any CPU.ActiveCfg = Debug|Any CPU
		{4BBDD6C3-DB2E-4C9E-8699-FBA04329DF5C}.Debug|Any CPU.Build.0 = Debug|Any CPU
		{4BBDD6C3-DB2E-4C9E-8699-FBA04329DF5C}.Debug|x86.ActiveCfg = Debug|x86
		{4BBDD6C3-DB2E-4C9E-8699-FBA04329DF5C}.Debug|x86.Build.0 = Debug|x86
		{4BBDD6C3-DB2E-4C9E-8699-FBA04329DF5C}.Release|Any CPU.ActiveCfg = Release|Any CPU
		{4BBDD6C3-DB2E-4C9E-8699-FBA04329DF5C}.Release|Any CPU.Build.0 = Release|Any CPU
		{4BBDD6C3-DB2E-4C9E-8699-FBA04329DF5C}.Release|x86.ActiveCfg = Release|x86
		{4BBDD6C3-DB2E-4C9E-8699-FBA04329DF5C}.Release|x86.Build.0 = Release|x86
		{73797661-FE18-45D5-B92F-2AA8C6351B1C}.Debug|Any CPU.ActiveCfg = Debug|Any CPU
		{73797661-FE18-45D5-B92F-2AA8C6351B1C}.Debug|Any CPU.Build.0 = Debug|Any CPU
		{73797661-FE18-45D5-B92F-2AA8C6351B1C}.Debug|x86.ActiveCfg = Debug|x86
		{73797661-FE18-45D5-B92F-2AA8C6351B1C}.Debug|x86.Build.0 = Debug|x86
		{73797661-FE18-45D5-B92F-2AA8C6351B1C}.Release|Any CPU.ActiveCfg = Release|Any CPU
		{73797661-FE18-45D5-B92F-2AA8C6351B1C}.Release|Any CPU.Build.0 = Release|Any CPU
		{73797661-FE18-45D5-B92F-2AA8C6351B1C}.Release|x86.ActiveCfg = Release|x86
		{73797661-FE18-45D5-B92F-2AA8C6351B1C}.Release|x86.Build.0 = Release|x86
		{91C0853C-D7A7-450C-9125-A09C961B4B27}.Debug|Any CPU.ActiveCfg = Debug|Any CPU
		{91C0853C-D7A7-450C-9125-A09C961B4B27}.Debug|Any CPU.Build.0 = Debug|Any CPU
		{91C0853C-D7A7-450C-9125-A09C961B4B27}.Debug|x86.ActiveCfg = Debug|x86
		{91C0853C-D7A7-450C-9125-A09C961B4B27}.Debug|x86.Build.0 = Debug|x86
		{91C0853C-D7A7-450C-9125-A09C961B4B27}.Release|Any CPU.ActiveCfg = Release|Any CPU
		{91C0853C-D7A7-450C-9125-A09C961B4B27}.Release|Any CPU.Build.0 = Release|Any CPU
		{91C0853C-D7A7-450C-9125-A09C961B4B27}.Release|x86.ActiveCfg = Release|x86
		{91C0853C-D7A7-450C-9125-A09C961B4B27}.Release|x86.Build.0 = Release|x86
		{4E17F075-4FAC-40AB-8565-5BFA38FBD626}.Debug|Any CPU.ActiveCfg = Debug|Any CPU
		{4E17F075-4FAC-40AB-8565-5BFA38FBD626}.Debug|Any CPU.Build.0 = Debug|Any CPU
		{4E17F075-4FAC-40AB-8565-5BFA38FBD626}.Debug|x86.ActiveCfg = Debug|x86
		{4E17F075-4FAC-40AB-8565-5BFA38FBD626}.Debug|x86.Build.0 = Debug|x86
		{4E17F075-4FAC-40AB-8565-5BFA38FBD626}.Release|Any CPU.ActiveCfg = Release|Any CPU
		{4E17F075-4FAC-40AB-8565-5BFA38FBD626}.Release|Any CPU.Build.0 = Release|Any CPU
		{4E17F075-4FAC-40AB-8565-5BFA38FBD626}.Release|x86.ActiveCfg = Release|x86
		{4E17F075-4FAC-40AB-8565-5BFA38FBD626}.Release|x86.Build.0 = Release|x86
		{4BBA3BA1-FCC4-43B8-9E30-443941E062B3}.Debug|Any CPU.ActiveCfg = Debug|Any CPU
		{4BBA3BA1-FCC4-43B8-9E30-443941E062B3}.Debug|Any CPU.Build.0 = Debug|Any CPU
		{4BBA3BA1-FCC4-43B8-9E30-443941E062B3}.Debug|x86.ActiveCfg = Debug|x86
		{4BBA3BA1-FCC4-43B8-9E30-443941E062B3}.Debug|x86.Build.0 = Debug|x86
		{4BBA3BA1-FCC4-43B8-9E30-443941E062B3}.Release|Any CPU.ActiveCfg = Release|Any CPU
		{4BBA3BA1-FCC4-43B8-9E30-443941E062B3}.Release|Any CPU.Build.0 = Release|Any CPU
		{4BBA3BA1-FCC4-43B8-9E30-443941E062B3}.Release|x86.ActiveCfg = Release|Any CPU
		{4BBA3BA1-FCC4-43B8-9E30-443941E062B3}.Release|x86.Build.0 = Release|Any CPU
		{C0EECEB4-4EC4-44B9-B574-F9D249F9A1A3}.Debug|Any CPU.ActiveCfg = Debug|Any CPU
		{C0EECEB4-4EC4-44B9-B574-F9D249F9A1A3}.Debug|Any CPU.Build.0 = Debug|Any CPU
		{C0EECEB4-4EC4-44B9-B574-F9D249F9A1A3}.Debug|x86.ActiveCfg = Debug|Any CPU
		{C0EECEB4-4EC4-44B9-B574-F9D249F9A1A3}.Debug|x86.Build.0 = Debug|Any CPU
		{C0EECEB4-4EC4-44B9-B574-F9D249F9A1A3}.Release|Any CPU.ActiveCfg = Release|Any CPU
		{C0EECEB4-4EC4-44B9-B574-F9D249F9A1A3}.Release|Any CPU.Build.0 = Release|Any CPU
		{C0EECEB4-4EC4-44B9-B574-F9D249F9A1A3}.Release|x86.ActiveCfg = Release|Any CPU
		{C0EECEB4-4EC4-44B9-B574-F9D249F9A1A3}.Release|x86.Build.0 = Release|Any CPU
		{FB274CA5-D9E2-4C63-BE0C-6C5E130AA509}.Debug|Any CPU.ActiveCfg = Debug|Any CPU
		{FB274CA5-D9E2-4C63-BE0C-6C5E130AA509}.Debug|Any CPU.Build.0 = Debug|Any CPU
		{FB274CA5-D9E2-4C63-BE0C-6C5E130AA509}.Debug|x86.ActiveCfg = Debug|x86
		{FB274CA5-D9E2-4C63-BE0C-6C5E130AA509}.Debug|x86.Build.0 = Debug|x86
		{FB274CA5-D9E2-4C63-BE0C-6C5E130AA509}.Release|Any CPU.ActiveCfg = Release|Any CPU
		{FB274CA5-D9E2-4C63-BE0C-6C5E130AA509}.Release|Any CPU.Build.0 = Release|Any CPU
		{FB274CA5-D9E2-4C63-BE0C-6C5E130AA509}.Release|x86.ActiveCfg = Release|Any CPU
		{FB274CA5-D9E2-4C63-BE0C-6C5E130AA509}.Release|x86.Build.0 = Release|Any CPU
		{62F52FC0-FC60-4237-BDEE-89E90646483F}.Debug|Any CPU.ActiveCfg = Debug|Any CPU
		{62F52FC0-FC60-4237-BDEE-89E90646483F}.Debug|Any CPU.Build.0 = Debug|Any CPU
		{62F52FC0-FC60-4237-BDEE-89E90646483F}.Debug|x86.ActiveCfg = Debug|x86
		{62F52FC0-FC60-4237-BDEE-89E90646483F}.Debug|x86.Build.0 = Debug|x86
		{62F52FC0-FC60-4237-BDEE-89E90646483F}.Release|Any CPU.ActiveCfg = Release|Any CPU
		{62F52FC0-FC60-4237-BDEE-89E90646483F}.Release|Any CPU.Build.0 = Release|Any CPU
		{62F52FC0-FC60-4237-BDEE-89E90646483F}.Release|x86.ActiveCfg = Release|Any CPU
		{62F52FC0-FC60-4237-BDEE-89E90646483F}.Release|x86.Build.0 = Release|Any CPU
		{527BE76D-43D8-4FE7-A955-98EE1D3F8D1C}.Debug|Any CPU.ActiveCfg = Debug|Any CPU
		{527BE76D-43D8-4FE7-A955-98EE1D3F8D1C}.Debug|Any CPU.Build.0 = Debug|Any CPU
		{527BE76D-43D8-4FE7-A955-98EE1D3F8D1C}.Debug|x86.ActiveCfg = Debug|x86
		{527BE76D-43D8-4FE7-A955-98EE1D3F8D1C}.Debug|x86.Build.0 = Debug|x86
		{527BE76D-43D8-4FE7-A955-98EE1D3F8D1C}.Release|Any CPU.ActiveCfg = Release|Any CPU
		{527BE76D-43D8-4FE7-A955-98EE1D3F8D1C}.Release|Any CPU.Build.0 = Release|Any CPU
		{527BE76D-43D8-4FE7-A955-98EE1D3F8D1C}.Release|x86.ActiveCfg = Release|Any CPU
		{527BE76D-43D8-4FE7-A955-98EE1D3F8D1C}.Release|x86.Build.0 = Release|Any CPU
		{C8725345-4338-42BB-A1A2-382A826665D8}.Debug|Any CPU.ActiveCfg = Debug|Any CPU
		{C8725345-4338-42BB-A1A2-382A826665D8}.Debug|Any CPU.Build.0 = Debug|Any CPU
		{C8725345-4338-42BB-A1A2-382A826665D8}.Debug|x86.ActiveCfg = Debug|x86
		{C8725345-4338-42BB-A1A2-382A826665D8}.Debug|x86.Build.0 = Debug|x86
		{C8725345-4338-42BB-A1A2-382A826665D8}.Release|Any CPU.ActiveCfg = Release|Any CPU
		{C8725345-4338-42BB-A1A2-382A826665D8}.Release|Any CPU.Build.0 = Release|Any CPU
		{C8725345-4338-42BB-A1A2-382A826665D8}.Release|x86.ActiveCfg = Release|Any CPU
		{C8725345-4338-42BB-A1A2-382A826665D8}.Release|x86.Build.0 = Release|Any CPU
	EndGlobalSection
	GlobalSection(SolutionProperties) = preSolution
		HideSolutionNode = FALSE
	EndGlobalSection
	GlobalSection(NestedProjects) = preSolution
		{16AE7B14-BCFF-40C7-8B4C-B3BCAEBC7569} = {2170218B-B30A-448B-9CB0-8A82E9889B22}
		{E101E00A-6B39-4178-8C3D-66ED7DF185A8} = {4088EA47-CE6B-4686-A713-699BA1C4A3D1}
		{33F00612-EACB-45BE-80A3-AEEAC74D117F} = {4088EA47-CE6B-4686-A713-699BA1C4A3D1}
		{4BBDD6C3-DB2E-4C9E-8699-FBA04329DF5C} = {09F9AB24-65B6-436B-8CDD-0181B4C6C2F0}
		{73797661-FE18-45D5-B92F-2AA8C6351B1C} = {09F9AB24-65B6-436B-8CDD-0181B4C6C2F0}
		{91C0853C-D7A7-450C-9125-A09C961B4B27} = {09F9AB24-65B6-436B-8CDD-0181B4C6C2F0}
		{4E17F075-4FAC-40AB-8565-5BFA38FBD626} = {09F9AB24-65B6-436B-8CDD-0181B4C6C2F0}
		{4BBA3BA1-FCC4-43B8-9E30-443941E062B3} = {4088EA47-CE6B-4686-A713-699BA1C4A3D1}
		{C0EECEB4-4EC4-44B9-B574-F9D249F9A1A3} = {D8E9F563-6A59-4FC7-B651-BED2EADF1B28}
		{FB274CA5-D9E2-4C63-BE0C-6C5E130AA509} = {4088EA47-CE6B-4686-A713-699BA1C4A3D1}
		{62F52FC0-FC60-4237-BDEE-89E90646483F} = {4088EA47-CE6B-4686-A713-699BA1C4A3D1}
		{527BE76D-43D8-4FE7-A955-98EE1D3F8D1C} = {4088EA47-CE6B-4686-A713-699BA1C4A3D1}
		{6577B786-7C13-46AD-9F30-7F6A0F126BCF} = {4088EA47-CE6B-4686-A713-699BA1C4A3D1}
		{C8725345-4338-42BB-A1A2-382A826665D8} = {4088EA47-CE6B-4686-A713-699BA1C4A3D1}
	EndGlobalSection
	GlobalSection(ExtensibilityGlobals) = postSolution
		SolutionGuid = {DD060146-C25A-4F92-B311-79B00E37B853}
	EndGlobalSection
EndGlobal
